
Microsoft Visual Studio Solution File, Format Version 12.00
# Visual Studio 15
VisualStudioVersion = 15.0.28010.2003
MinimumVisualStudioVersion = 10.0.40219.1
Project("{FAE04EC0-301F-11D3-BF4B-00C04F79EFBC}") = "MilestoneCollege", "MilestoneCollege\MilestoneCollege.csproj", "{AD7F9B2F-C10A-4E3C-8642-A12E7B2DBD05}"
EndProject
Global
	GlobalSection(SolutionConfigurationPlatforms) = preSolution
		Debug|Any CPU = Debug|Any CPU
		Release|Any CPU = Release|Any CPU
	EndGlobalSection
	GlobalSection(ProjectConfigurationPlatforms) = postSolution
		{AD7F9B2F-C10A-4E3C-8642-A12E7B2DBD05}.Debug|Any CPU.ActiveCfg = Debug|Any CPU
		{AD7F9B2F-C10A-4E3C-8642-A12E7B2DBD05}.Debug|Any CPU.Build.0 = Debug|Any CPU
		{AD7F9B2F-C10A-4E3C-8642-A12E7B2DBD05}.Release|Any CPU.ActiveCfg = Release|Any CPU
		{AD7F9B2F-C10A-4E3C-8642-A12E7B2DBD05}.Release|Any CPU.Build.0 = Release|Any CPU
	EndGlobalSection
	GlobalSection(SolutionProperties) = preSolution
		HideSolutionNode = FALSE
	EndGlobalSection
	GlobalSection(ExtensibilityGlobals) = postSolution
		SolutionGuid = {EEAEC43F-0D25-449B-B1E3-9E0838946C0F}
	EndGlobalSection
EndGlobal
